
Microsoft Visual Studio Solution File, Format Version 12.00
# Visual Studio Version 17
VisualStudioVersion = 17.8.34511.84
MinimumVisualStudioVersion = 10.0.40219.1
Project("{FAE04EC0-301F-11D3-BF4B-00C04F79EFBC}") = "MatrixSpillOver", "MatrixSpillOver.csproj", "{ABBBF2AE-CD4B-4F77-83E2-04B16A78C9D6}"
EndProject
Global
	GlobalSection(SolutionConfigurationPlatforms) = preSolution
		Debug|Any CPU = Debug|Any CPU
		Release|Any CPU = Release|Any CPU
	EndGlobalSection
	GlobalSection(ProjectConfigurationPlatforms) = postSolution
		{ABBBF2AE-CD4B-4F77-83E2-04B16A78C9D6}.Debug|Any CPU.ActiveCfg = Debug|Any CPU
		{ABBBF2AE-CD4B-4F77-83E2-04B16A78C9D6}.Debug|Any CPU.Build.0 = Debug|Any CPU
		{ABBBF2AE-CD4B-4F77-83E2-04B16A78C9D6}.Release|Any CPU.ActiveCfg = Release|Any CPU
		{ABBBF2AE-CD4B-4F77-83E2-04B16A78C9D6}.Release|Any CPU.Build.0 = Release|Any CPU
	EndGlobalSection
	GlobalSection(SolutionProperties) = preSolution
		HideSolutionNode = FALSE
	EndGlobalSection
	GlobalSection(ExtensibilityGlobals) = postSolution
		SolutionGuid = {814A1BDA-46BE-4AE0-A8BC-BFC0C9CAB347}
	EndGlobalSection
EndGlobal
